// !$*UTF8*$!
{
	archiveVersion = 1;
	classes = {
	};
	objectVersion = 46;
	objects = {

/* Begin PBXBuildFile section */
		E60844DD140C30E800FBD59E /* 1.JPG in Resources */ = {isa = PBXBuildFile; fileRef = E60844BC140C30E800FBD59E /* 1.JPG */; };
		E60844DE140C30E800FBD59E /* 2.JPG in Resources */ = {isa = PBXBuildFile; fileRef = E60844BD140C30E800FBD59E /* 2.JPG */; };
		E60844DF140C30E800FBD59E /* 3.JPG in Resources */ = {isa = PBXBuildFile; fileRef = E60844BE140C30E800FBD59E /* 3.JPG */; };
		E60844E0140C30E800FBD59E /* 4.JPG in Resources */ = {isa = PBXBuildFile; fileRef = E60844BF140C30E800FBD59E /* 4.JPG */; };
		E60844E1140C30E800FBD59E /* 5.JPG in Resources */ = {isa = PBXBuildFile; fileRef = E60844C0140C30E800FBD59E /* 5.JPG */; };
		E60844E2140C30E800FBD59E /* 6.JPG in Resources */ = {isa = PBXBuildFile; fileRef = E60844C1140C30E800FBD59E /* 6.JPG */; };
		E60844E3140C30E800FBD59E /* 7.JPG in Resources */ = {isa = PBXBuildFile; fileRef = E60844C2140C30E800FBD59E /* 7.JPG */; };
		E60844E4140C30E800FBD59E /* 8.JPG in Resources */ = {isa = PBXBuildFile; fileRef = E60844C3140C30E800FBD59E /* 8.JPG */; };
		E60844E5140C30E800FBD59E /* 9.JPG in Resources */ = {isa = PBXBuildFile; fileRef = E60844C4140C30E800FBD59E /* 9.JPG */; };
		E60844E6140C30E800FBD59E /* 10.JPG in Resources */ = {isa = PBXBuildFile; fileRef = E60844C5140C30E800FBD59E /* 10.JPG */; };
		E60844E7140C30E800FBD59E /* 11.JPG in Resources */ = {isa = PBXBuildFile; fileRef = E60844C6140C30E800FBD59E /* 11.JPG */; };
		E60844E8140C30E800FBD59E /* 12.JPG in Resources */ = {isa = PBXBuildFile; fileRef = E60844C7140C30E800FBD59E /* 12.JPG */; };
		E60844E9140C30E800FBD59E /* 13.JPG in Resources */ = {isa = PBXBuildFile; fileRef = E60844C8140C30E800FBD59E /* 13.JPG */; };
		E60844EA140C30E800FBD59E /* 14.JPG in Resources */ = {isa = PBXBuildFile; fileRef = E60844C9140C30E800FBD59E /* 14.JPG */; };
		E60844EB140C30E800FBD59E /* 15.JPG in Resources */ = {isa = PBXBuildFile; fileRef = E60844CA140C30E800FBD59E /* 15.JPG */; };
		E60844EC140C30E800FBD59E /* 16.JPG in Resources */ = {isa = PBXBuildFile; fileRef = E60844CB140C30E800FBD59E /* 16.JPG */; };
		E60844ED140C30E800FBD59E /* 17.JPG in Resources */ = {isa = PBXBuildFile; fileRef = E60844CC140C30E800FBD59E /* 17.JPG */; };
		E60844EE140C30E800FBD59E /* 18.JPG in Resources */ = {isa = PBXBuildFile; fileRef = E60844CD140C30E800FBD59E /* 18.JPG */; };
		E60844EF140C30E800FBD59E /* 19.JPG in Resources */ = {isa = PBXBuildFile; fileRef = E60844CE140C30E800FBD59E /* 19.JPG */; };
		E60844F0140C30E800FBD59E /* 20.JPG in Resources */ = {isa = PBXBuildFile; fileRef = E60844CF140C30E800FBD59E /* 20.JPG */; };
		E60844F1140C30E800FBD59E /* 21.JPG in Resources */ = {isa = PBXBuildFile; fileRef = E60844D0140C30E800FBD59E /* 21.JPG */; };
		E60844F2140C30E800FBD59E /* 22.JPG in Resources */ = {isa = PBXBuildFile; fileRef = E60844D1140C30E800FBD59E /* 22.JPG */; };
		E60844F3140C30E800FBD59E /* 23.JPG in Resources */ = {isa = PBXBuildFile; fileRef = E60844D2140C30E800FBD59E /* 23.JPG */; };
		E60844F4140C30E800FBD59E /* 24.JPG in Resources */ = {isa = PBXBuildFile; fileRef = E60844D3140C30E800FBD59E /* 24.JPG */; };
		E60844F5140C30E800FBD59E /* 25.JPG in Resources */ = {isa = PBXBuildFile; fileRef = E60844D4140C30E800FBD59E /* 25.JPG */; };
		E60844F6140C30E800FBD59E /* 26.JPG in Resources */ = {isa = PBXBuildFile; fileRef = E60844D5140C30E800FBD59E /* 26.JPG */; };
		E60844F7140C30E800FBD59E /* 27.JPG in Resources */ = {isa = PBXBuildFile; fileRef = E60844D6140C30E800FBD59E /* 27.JPG */; };
		E60844F8140C30E800FBD59E /* 28.JPG in Resources */ = {isa = PBXBuildFile; fileRef = E60844D7140C30E800FBD59E /* 28.JPG */; };
		E60844F9140C30E800FBD59E /* 29.JPG in Resources */ = {isa = PBXBuildFile; fileRef = E60844D8140C30E800FBD59E /* 29.JPG */; };
		E60844FA140C30E800FBD59E /* 30.JPG in Resources */ = {isa = PBXBuildFile; fileRef = E60844D9140C30E800FBD59E /* 30.JPG */; };
		E60844FB140C30E800FBD59E /* 31.JPG in Resources */ = {isa = PBXBuildFile; fileRef = E60844DA140C30E800FBD59E /* 31.JPG */; };
		E60844FC140C30E800FBD59E /* 32.JPG in Resources */ = {isa = PBXBuildFile; fileRef = E60844DB140C30E800FBD59E /* 32.JPG */; };
		E60844FD140C30E800FBD59E /* 33.JPG in Resources */ = {isa = PBXBuildFile; fileRef = E60844DC140C30E800FBD59E /* 33.JPG */; };
		E608457B140C33C800FBD59E /* VCBookViewController.m in Sources */ = {isa = PBXBuildFile; fileRef = E608452A140C33C700FBD59E /* VCBookViewController.m */; };
		E608457D140C33C800FBD59E /* .gitignore in Resources */ = {isa = PBXBuildFile; fileRef = E608452D140C33C700FBD59E /* .gitignore */; };
		E608457E140C33C800FBD59E /* main.m in Sources */ = {isa = PBXBuildFile; fileRef = E6084530140C33C700FBD59E /* main.m */; };
		E608457F140C33C800FBD59E /* README.markdown in Resources */ = {isa = PBXBuildFile; fileRef = E6084535140C33C700FBD59E /* README.markdown */; };
		E6084580140C33C800FBD59E /* 1.png in Resources */ = {isa = PBXBuildFile; fileRef = E6084537140C33C700FBD59E /* 1.png */; };
		E6084581140C33C800FBD59E /* 2.png in Resources */ = {isa = PBXBuildFile; fileRef = E6084538140C33C700FBD59E /* 2.png */; };
		E6084582140C33C800FBD59E /* 3.png in Resources */ = {isa = PBXBuildFile; fileRef = E6084539140C33C700FBD59E /* 3.png */; };
		E6084583140C33C800FBD59E /* 4.png in Resources */ = {isa = PBXBuildFile; fileRef = E608453A140C33C700FBD59E /* 4.png */; };
		E6084584140C33C800FBD59E /* 5.png in Resources */ = {isa = PBXBuildFile; fileRef = E608453B140C33C700FBD59E /* 5.png */; };
		E6084585140C33C800FBD59E /* b.png in Resources */ = {isa = PBXBuildFile; fileRef = E608453D140C33C700FBD59E /* b.png */; };
		E6084586140C33C800FBD59E /* c.png in Resources */ = {isa = PBXBuildFile; fileRef = E608453E140C33C700FBD59E /* c.png */; };
		E6084587140C33C800FBD59E /* e.png in Resources */ = {isa = PBXBuildFile; fileRef = E608453F140C33C700FBD59E /* e.png */; };
		E6084588140C33C800FBD59E /* f.png in Resources */ = {isa = PBXBuildFile; fileRef = E6084540140C33C700FBD59E /* f.png */; };
		E6084589140C33C800FBD59E /* g.png in Resources */ = {isa = PBXBuildFile; fileRef = E6084541140C33C700FBD59E /* g.png */; };
		E608458A140C33C800FBD59E /* j.png in Resources */ = {isa = PBXBuildFile; fileRef = E6084542140C33C700FBD59E /* j.png */; };
		E608458B140C33C800FBD59E /* l.png in Resources */ = {isa = PBXBuildFile; fileRef = E6084543140C33C700FBD59E /* l.png */; };
		E608458C140C33C800FBD59E /* q.png in Resources */ = {isa = PBXBuildFile; fileRef = E6084544140C33C700FBD59E /* q.png */; };
		E608458D140C33C800FBD59E /* r.png in Resources */ = {isa = PBXBuildFile; fileRef = E6084545140C33C700FBD59E /* r.png */; };
		E608458E140C33C800FBD59E /* x.png in Resources */ = {isa = PBXBuildFile; fileRef = E6084546140C33C700FBD59E /* x.png */; };
		E608458F140C33C800FBD59E /* y.png in Resources */ = {isa = PBXBuildFile; fileRef = E6084547140C33C700FBD59E /* y.png */; };
		E6084590140C33C800FBD59E /* z.png in Resources */ = {isa = PBXBuildFile; fileRef = E6084548140C33C700FBD59E /* z.png */; };
		E6084591140C33C800FBD59E /* flipshadow.png in Resources */ = {isa = PBXBuildFile; fileRef = E6084549140C33C700FBD59E /* flipshadow.png */; };
		E6084592140C33C800FBD59E /* PageCurl-Info.plist in Resources */ = {isa = PBXBuildFile; fileRef = E608454A140C33C700FBD59E /* PageCurl-Info.plist */; };
		E6084593140C33C800FBD59E /* r.png in Resources */ = {isa = PBXBuildFile; fileRef = E608454B140C33C700FBD59E /* r.png */; };
		E6084594140C33C800FBD59E /* spine.png in Resources */ = {isa = PBXBuildFile; fileRef = E608454C140C33C700FBD59E /* spine.png */; };
		E6084595140C33C800FBD59E /* VCAppDelegate.m in Sources */ = {isa = PBXBuildFile; fileRef = E608454E140C33C700FBD59E /* VCAppDelegate.m */; };
		E6084596140C33C800FBD59E /* .gitignore in Resources */ = {isa = PBXBuildFile; fileRef = E6084551140C33C700FBD59E /* .gitignore */; };
		E6084597140C33C800FBD59E /* VCClipLayer.m in Sources */ = {isa = PBXBuildFile; fileRef = E6084553140C33C700FBD59E /* VCClipLayer.m */; };
		E6084598140C33C800FBD59E /* VCFlipLayer.m in Sources */ = {isa = PBXBuildFile; fileRef = E6084555140C33C700FBD59E /* VCFlipLayer.m */; };
		E6084599140C33C800FBD59E /* VCFlipShadowLayer.m in Sources */ = {isa = PBXBuildFile; fileRef = E6084557140C33C700FBD59E /* VCFlipShadowLayer.m */; };
		E608459A140C33C800FBD59E /* VCPageLayer.m in Sources */ = {isa = PBXBuildFile; fileRef = E6084559140C33C700FBD59E /* VCPageLayer.m */; };
		E608459B140C33C800FBD59E /* VCPageView.m in Sources */ = {isa = PBXBuildFile; fileRef = E608455B140C33C700FBD59E /* VCPageView.m */; };
		E608459C140C33C800FBD59E /* BookView.xib in Resources */ = {isa = PBXBuildFile; fileRef = E608455D140C33C700FBD59E /* BookView.xib */; };
		E608459D140C33C800FBD59E /* MainWindow.xib in Resources */ = {isa = PBXBuildFile; fileRef = E608455E140C33C700FBD59E /* MainWindow.xib */; };
		E6D07EA3140C29810005BF02 /* UIKit.framework in Frameworks */ = {isa = PBXBuildFile; fileRef = E6D07EA2140C29810005BF02 /* UIKit.framework */; };
		E6D07EA5140C29810005BF02 /* Foundation.framework in Frameworks */ = {isa = PBXBuildFile; fileRef = E6D07EA4140C29810005BF02 /* Foundation.framework */; };
		E6D07EA7140C29810005BF02 /* CoreGraphics.framework in Frameworks */ = {isa = PBXBuildFile; fileRef = E6D07EA6140C29810005BF02 /* CoreGraphics.framework */; };
		E6D07EAD140C29810005BF02 /* InfoPlist.strings in Resources */ = {isa = PBXBuildFile; fileRef = E6D07EAB140C29810005BF02 /* InfoPlist.strings */; };
		E6D07EB0140C29810005BF02 /* main.m in Sources */ = {isa = PBXBuildFile; fileRef = E6D07EAF140C29810005BF02 /* main.m */; };
		E6D07EB3140C29810005BF02 /* AzbukaAppDelegate.m in Sources */ = {isa = PBXBuildFile; fileRef = E6D07EB2140C29810005BF02 /* AzbukaAppDelegate.m */; };
		E6D07EB6140C29820005BF02 /* MainWindow.xib in Resources */ = {isa = PBXBuildFile; fileRef = E6D07EB4140C29820005BF02 /* MainWindow.xib */; };
		E6D07EB9140C29820005BF02 /* AzbukaViewController.m in Sources */ = {isa = PBXBuildFile; fileRef = E6D07EB8140C29820005BF02 /* AzbukaViewController.m */; };
		E6D07EBC140C29820005BF02 /* AzbukaViewController.xib in Resources */ = {isa = PBXBuildFile; fileRef = E6D07EBA140C29820005BF02 /* AzbukaViewController.xib */; };
/* End PBXBuildFile section */

/* Begin PBXContainerItemProxy section */
		E608459F140C33C800FBD59E /* PBXContainerItemProxy */ = {
			isa = PBXContainerItemProxy;
			containerPortal = E6084532140C33C700FBD59E /* PageCurl.xcodeproj */;
			proxyType = 2;
			remoteGlobalIDString = 1D6058910D05DD3D006BFB54;
			remoteInfo = PageCurl;
		};
/* End PBXContainerItemProxy section */

/* Begin PBXFileReference section */
		E60844BC140C30E800FBD59E /* 1.JPG */ = {isa = PBXFileReference; lastKnownFileType = image.jpeg; path = 1.JPG; sourceTree = "<group>"; };
		E60844BD140C30E800FBD59E /* 2.JPG */ = {isa = PBXFileReference; lastKnownFileType = image.jpeg; path = 2.JPG; sourceTree = "<group>"; };
		E60844BE140C30E800FBD59E /* 3.JPG */ = {isa = PBXFileReference; lastKnownFileType = image.jpeg; path = 3.JPG; sourceTree = "<group>"; };
		E60844BF140C30E800FBD59E /* 4.JPG */ = {isa = PBXFileReference; lastKnownFileType = image.jpeg; path = 4.JPG; sourceTree = "<group>"; };
		E60844C0140C30E800FBD59E /* 5.JPG */ = {isa = PBXFileReference; lastKnownFileType = image.jpeg; path = 5.JPG; sourceTree = "<group>"; };
		E60844C1140C30E800FBD59E /* 6.JPG */ = {isa = PBXFileReference; lastKnownFileType = image.jpeg; path = 6.JPG; sourceTree = "<group>"; };
		E60844C2140C30E800FBD59E /* 7.JPG */ = {isa = PBXFileReference; lastKnownFileType = image.jpeg; path = 7.JPG; sourceTree = "<group>"; };
		E60844C3140C30E800FBD59E /* 8.JPG */ = {isa = PBXFileReference; lastKnownFileType = image.jpeg; path = 8.JPG; sourceTree = "<group>"; };
		E60844C4140C30E800FBD59E /* 9.JPG */ = {isa = PBXFileReference; lastKnownFileType = image.jpeg; path = 9.JPG; sourceTree = "<group>"; };
		E60844C5140C30E800FBD59E /* 10.JPG */ = {isa = PBXFileReference; lastKnownFileType = image.jpeg; path = 10.JPG; sourceTree = "<group>"; };
		E60844C6140C30E800FBD59E /* 11.JPG */ = {isa = PBXFileReference; lastKnownFileType = image.jpeg; path = 11.JPG; sourceTree = "<group>"; };
		E60844C7140C30E800FBD59E /* 12.JPG */ = {isa = PBXFileReference; lastKnownFileType = image.jpeg; path = 12.JPG; sourceTree = "<group>"; };
		E60844C8140C30E800FBD59E /* 13.JPG */ = {isa = PBXFileReference; lastKnownFileType = image.jpeg; path = 13.JPG; sourceTree = "<group>"; };
		E60844C9140C30E800FBD59E /* 14.JPG */ = {isa = PBXFileReference; lastKnownFileType = image.jpeg; path = 14.JPG; sourceTree = "<group>"; };
		E60844CA140C30E800FBD59E /* 15.JPG */ = {isa = PBXFileReference; lastKnownFileType = image.jpeg; path = 15.JPG; sourceTree = "<group>"; };
		E60844CB140C30E800FBD59E /* 16.JPG */ = {isa = PBXFileReference; lastKnownFileType = image.jpeg; path = 16.JPG; sourceTree = "<group>"; };
		E60844CC140C30E800FBD59E /* 17.JPG */ = {isa = PBXFileReference; lastKnownFileType = image.jpeg; path = 17.JPG; sourceTree = "<group>"; };
		E60844CD140C30E800FBD59E /* 18.JPG */ = {isa = PBXFileReference; lastKnownFileType = image.jpeg; path = 18.JPG; sourceTree = "<group>"; };
		E60844CE140C30E800FBD59E /* 19.JPG */ = {isa = PBXFileReference; lastKnownFileType = image.jpeg; path = 19.JPG; sourceTree = "<group>"; };
		E60844CF140C30E800FBD59E /* 20.JPG */ = {isa = PBXFileReference; lastKnownFileType = image.jpeg; path = 20.JPG; sourceTree = "<group>"; };
		E60844D0140C30E800FBD59E /* 21.JPG */ = {isa = PBXFileReference; lastKnownFileType = image.jpeg; path = 21.JPG; sourceTree = "<group>"; };
		E60844D1140C30E800FBD59E /* 22.JPG */ = {isa = PBXFileReference; lastKnownFileType = image.jpeg; path = 22.JPG; sourceTree = "<group>"; };
		E60844D2140C30E800FBD59E /* 23.JPG */ = {isa = PBXFileReference; lastKnownFileType = image.jpeg; path = 23.JPG; sourceTree = "<group>"; };
		E60844D3140C30E800FBD59E /* 24.JPG */ = {isa = PBXFileReference; lastKnownFileType = image.jpeg; path = 24.JPG; sourceTree = "<group>"; };
		E60844D4140C30E800FBD59E /* 25.JPG */ = {isa = PBXFileReference; lastKnownFileType = image.jpeg; path = 25.JPG; sourceTree = "<group>"; };
		E60844D5140C30E800FBD59E /* 26.JPG */ = {isa = PBXFileReference; lastKnownFileType = image.jpeg; path = 26.JPG; sourceTree = "<group>"; };
		E60844D6140C30E800FBD59E /* 27.JPG */ = {isa = PBXFileReference; lastKnownFileType = image.jpeg; path = 27.JPG; sourceTree = "<group>"; };
		E60844D7140C30E800FBD59E /* 28.JPG */ = {isa = PBXFileReference; lastKnownFileType = image.jpeg; path = 28.JPG; sourceTree = "<group>"; };
		E60844D8140C30E800FBD59E /* 29.JPG */ = {isa = PBXFileReference; lastKnownFileType = image.jpeg; path = 29.JPG; sourceTree = "<group>"; };
		E60844D9140C30E800FBD59E /* 30.JPG */ = {isa = PBXFileReference; lastKnownFileType = image.jpeg; path = 30.JPG; sourceTree = "<group>"; };
		E60844DA140C30E800FBD59E /* 31.JPG */ = {isa = PBXFileReference; lastKnownFileType = image.jpeg; path = 31.JPG; sourceTree = "<group>"; };
		E60844DB140C30E800FBD59E /* 32.JPG */ = {isa = PBXFileReference; lastKnownFileType = image.jpeg; path = 32.JPG; sourceTree = "<group>"; };
		E60844DC140C30E800FBD59E /* 33.JPG */ = {isa = PBXFileReference; lastKnownFileType = image.jpeg; path = 33.JPG; sourceTree = "<group>"; };
		E6084529140C33C700FBD59E /* VCBookViewController.h */ = {isa = PBXFileReference; fileEncoding = 4; lastKnownFileType = sourcecode.c.h; path = VCBookViewController.h; sourceTree = "<group>"; };
		E608452A140C33C700FBD59E /* VCBookViewController.m */ = {isa = PBXFileReference; fileEncoding = 4; lastKnownFileType = sourcecode.c.objc; path = VCBookViewController.m; sourceTree = "<group>"; };
		E608452D140C33C700FBD59E /* .gitignore */ = {isa = PBXFileReference; fileEncoding = 4; lastKnownFileType = text; path = .gitignore; sourceTree = "<group>"; };
		E608452F140C33C700FBD59E /* constants.h */ = {isa = PBXFileReference; fileEncoding = 4; lastKnownFileType = sourcecode.c.h; path = constants.h; sourceTree = "<group>"; };
		E6084530140C33C700FBD59E /* main.m */ = {isa = PBXFileReference; fileEncoding = 4; lastKnownFileType = sourcecode.c.objc; path = main.m; sourceTree = "<group>"; };
		E6084531140C33C700FBD59E /* pageCurl_Prefix.pch */ = {isa = PBXFileReference; fileEncoding = 4; lastKnownFileType = sourcecode.c.h; path = pageCurl_Prefix.pch; sourceTree = "<group>"; };
		E6084532140C33C700FBD59E /* PageCurl.xcodeproj */ = {isa = PBXFileReference; lastKnownFileType = "wrapper.pb-project"; path = PageCurl.xcodeproj; sourceTree = "<group>"; };
		E6084535140C33C700FBD59E /* README.markdown */ = {isa = PBXFileReference; fileEncoding = 4; lastKnownFileType = text; path = README.markdown; sourceTree = "<group>"; };
		E6084537140C33C700FBD59E /* 1.png */ = {isa = PBXFileReference; lastKnownFileType = image.png; path = 1.png; sourceTree = "<group>"; };
		E6084538140C33C700FBD59E /* 2.png */ = {isa = PBXFileReference; lastKnownFileType = image.png; path = 2.png; sourceTree = "<group>"; };
		E6084539140C33C700FBD59E /* 3.png */ = {isa = PBXFileReference; lastKnownFileType = image.png; path = 3.png; sourceTree = "<group>"; };
		E608453A140C33C700FBD59E /* 4.png */ = {isa = PBXFileReference; lastKnownFileType = image.png; path = 4.png; sourceTree = "<group>"; };
		E608453B140C33C700FBD59E /* 5.png */ = {isa = PBXFileReference; lastKnownFileType = image.png; path = 5.png; sourceTree = "<group>"; };
		E608453D140C33C700FBD59E /* b.png */ = {isa = PBXFileReference; lastKnownFileType = image.png; path = b.png; sourceTree = "<group>"; };
		E608453E140C33C700FBD59E /* c.png */ = {isa = PBXFileReference; lastKnownFileType = image.png; path = c.png; sourceTree = "<group>"; };
		E608453F140C33C700FBD59E /* e.png */ = {isa = PBXFileReference; lastKnownFileType = image.png; path = e.png; sourceTree = "<group>"; };
		E6084540140C33C700FBD59E /* f.png */ = {isa = PBXFileReference; lastKnownFileType = image.png; path = f.png; sourceTree = "<group>"; };
		E6084541140C33C700FBD59E /* g.png */ = {isa = PBXFileReference; lastKnownFileType = image.png; path = g.png; sourceTree = "<group>"; };
		E6084542140C33C700FBD59E /* j.png */ = {isa = PBXFileReference; lastKnownFileType = image.png; path = j.png; sourceTree = "<group>"; };
		E6084543140C33C700FBD59E /* l.png */ = {isa = PBXFileReference; lastKnownFileType = image.png; path = l.png; sourceTree = "<group>"; };
		E6084544140C33C700FBD59E /* q.png */ = {isa = PBXFileReference; lastKnownFileType = image.png; path = q.png; sourceTree = "<group>"; };
		E6084545140C33C700FBD59E /* r.png */ = {isa = PBXFileReference; lastKnownFileType = image.png; path = r.png; sourceTree = "<group>"; };
		E6084546140C33C700FBD59E /* x.png */ = {isa = PBXFileReference; lastKnownFileType = image.png; path = x.png; sourceTree = "<group>"; };
		E6084547140C33C700FBD59E /* y.png */ = {isa = PBXFileReference; lastKnownFileType = image.png; path = y.png; sourceTree = "<group>"; };
		E6084548140C33C700FBD59E /* z.png */ = {isa = PBXFileReference; lastKnownFileType = image.png; path = z.png; sourceTree = "<group>"; };
		E6084549140C33C700FBD59E /* flipshadow.png */ = {isa = PBXFileReference; lastKnownFileType = image.png; path = flipshadow.png; sourceTree = "<group>"; };
		E608454A140C33C700FBD59E /* PageCurl-Info.plist */ = {isa = PBXFileReference; fileEncoding = 4; lastKnownFileType = text.plist.xml; path = "PageCurl-Info.plist"; sourceTree = "<group>"; };
		E608454B140C33C700FBD59E /* r.png */ = {isa = PBXFileReference; lastKnownFileType = image.png; path = r.png; sourceTree = "<group>"; };
		E608454C140C33C700FBD59E /* spine.png */ = {isa = PBXFileReference; lastKnownFileType = image.png; path = spine.png; sourceTree = "<group>"; };
		E608454D140C33C700FBD59E /* VCAppDelegate.h */ = {isa = PBXFileReference; fileEncoding = 4; lastKnownFileType = sourcecode.c.h; path = VCAppDelegate.h; sourceTree = "<group>"; };
		E608454E140C33C700FBD59E /* VCAppDelegate.m */ = {isa = PBXFileReference; fileEncoding = 4; lastKnownFileType = sourcecode.c.objc; path = VCAppDelegate.m; sourceTree = "<group>"; };
		E6084551140C33C700FBD59E /* .gitignore */ = {isa = PBXFileReference; fileEncoding = 4; lastKnownFileType = text; path = .gitignore; sourceTree = "<group>"; };
		E6084552140C33C700FBD59E /* VCClipLayer.h */ = {isa = PBXFileReference; fileEncoding = 4; lastKnownFileType = sourcecode.c.h; path = VCClipLayer.h; sourceTree = "<group>"; };
		E6084553140C33C700FBD59E /* VCClipLayer.m */ = {isa = PBXFileReference; fileEncoding = 4; lastKnownFileType = sourcecode.c.objc; path = VCClipLayer.m; sourceTree = "<group>"; };
		E6084554140C33C700FBD59E /* VCFlipLayer.h */ = {isa = PBXFileReference; fileEncoding = 4; lastKnownFileType = sourcecode.c.h; path = VCFlipLayer.h; sourceTree = "<group>"; };
		E6084555140C33C700FBD59E /* VCFlipLayer.m */ = {isa = PBXFileReference; fileEncoding = 4; lastKnownFileType = sourcecode.c.objc; path = VCFlipLayer.m; sourceTree = "<group>"; };
		E6084556140C33C700FBD59E /* VCFlipShadowLayer.h */ = {isa = PBXFileReference; fileEncoding = 4; lastKnownFileType = sourcecode.c.h; path = VCFlipShadowLayer.h; sourceTree = "<group>"; };
		E6084557140C33C700FBD59E /* VCFlipShadowLayer.m */ = {isa = PBXFileReference; fileEncoding = 4; lastKnownFileType = sourcecode.c.objc; path = VCFlipShadowLayer.m; sourceTree = "<group>"; };
		E6084558140C33C700FBD59E /* VCPageLayer.h */ = {isa = PBXFileReference; fileEncoding = 4; lastKnownFileType = sourcecode.c.h; path = VCPageLayer.h; sourceTree = "<group>"; };
		E6084559140C33C700FBD59E /* VCPageLayer.m */ = {isa = PBXFileReference; fileEncoding = 4; lastKnownFileType = sourcecode.c.objc; path = VCPageLayer.m; sourceTree = "<group>"; };
		E608455A140C33C700FBD59E /* VCPageView.h */ = {isa = PBXFileReference; fileEncoding = 4; lastKnownFileType = sourcecode.c.h; path = VCPageView.h; sourceTree = "<group>"; };
		E608455B140C33C700FBD59E /* VCPageView.m */ = {isa = PBXFileReference; fileEncoding = 4; lastKnownFileType = sourcecode.c.objc; path = VCPageView.m; sourceTree = "<group>"; };
		E608455D140C33C700FBD59E /* BookView.xib */ = {isa = PBXFileReference; fileEncoding = 4; lastKnownFileType = file.xib; path = BookView.xib; sourceTree = "<group>"; };
		E608455E140C33C700FBD59E /* MainWindow.xib */ = {isa = PBXFileReference; fileEncoding = 4; lastKnownFileType = file.xib; path = MainWindow.xib; sourceTree = "<group>"; };
		E6D07E9E140C29810005BF02 /* Azbuka.app */ = {isa = PBXFileReference; explicitFileType = wrapper.application; includeInIndex = 0; path = Azbuka.app; sourceTree = BUILT_PRODUCTS_DIR; };
		E6D07EA2140C29810005BF02 /* UIKit.framework */ = {isa = PBXFileReference; lastKnownFileType = wrapper.framework; name = UIKit.framework; path = System/Library/Frameworks/UIKit.framework; sourceTree = SDKROOT; };
		E6D07EA4140C29810005BF02 /* Foundation.framework */ = {isa = PBXFileReference; lastKnownFileType = wrapper.framework; name = Foundation.framework; path = System/Library/Frameworks/Foundation.framework; sourceTree = SDKROOT; };
		E6D07EA6140C29810005BF02 /* CoreGraphics.framework */ = {isa = PBXFileReference; lastKnownFileType = wrapper.framework; name = CoreGraphics.framework; path = System/Library/Frameworks/CoreGraphics.framework; sourceTree = SDKROOT; };
		E6D07EAA140C29810005BF02 /* Azbuka-Info.plist */ = {isa = PBXFileReference; lastKnownFileType = text.plist.xml; path = "Azbuka-Info.plist"; sourceTree = "<group>"; };
		E6D07EAC140C29810005BF02 /* en */ = {isa = PBXFileReference; lastKnownFileType = text.plist.strings; name = en; path = en.lproj/InfoPlist.strings; sourceTree = "<group>"; };
		E6D07EAE140C29810005BF02 /* Azbuka-Prefix.pch */ = {isa = PBXFileReference; lastKnownFileType = sourcecode.c.h; path = "Azbuka-Prefix.pch"; sourceTree = "<group>"; };
		E6D07EAF140C29810005BF02 /* main.m */ = {isa = PBXFileReference; lastKnownFileType = sourcecode.c.objc; path = main.m; sourceTree = "<group>"; };
		E6D07EB1140C29810005BF02 /* AzbukaAppDelegate.h */ = {isa = PBXFileReference; lastKnownFileType = sourcecode.c.h; path = AzbukaAppDelegate.h; sourceTree = "<group>"; };
		E6D07EB2140C29810005BF02 /* AzbukaAppDelegate.m */ = {isa = PBXFileReference; lastKnownFileType = sourcecode.c.objc; path = AzbukaAppDelegate.m; sourceTree = "<group>"; };
		E6D07EB5140C29820005BF02 /* en */ = {isa = PBXFileReference; lastKnownFileType = file.xib; name = en; path = en.lproj/MainWindow.xib; sourceTree = "<group>"; };
		E6D07EB7140C29820005BF02 /* AzbukaViewController.h */ = {isa = PBXFileReference; lastKnownFileType = sourcecode.c.h; path = AzbukaViewController.h; sourceTree = "<group>"; };
		E6D07EB8140C29820005BF02 /* AzbukaViewController.m */ = {isa = PBXFileReference; lastKnownFileType = sourcecode.c.objc; path = AzbukaViewController.m; sourceTree = "<group>"; };
		E6D07EBB140C29820005BF02 /* en */ = {isa = PBXFileReference; lastKnownFileType = file.xib; name = en; path = en.lproj/AzbukaViewController.xib; sourceTree = "<group>"; };
/* End PBXFileReference section */

/* Begin PBXFrameworksBuildPhase section */
		E6D07E9B140C29810005BF02 /* Frameworks */ = {
			isa = PBXFrameworksBuildPhase;
			buildActionMask = 2147483647;
			files = (
				E6D07EA3140C29810005BF02 /* UIKit.framework in Frameworks */,
				E6D07EA5140C29810005BF02 /* Foundation.framework in Frameworks */,
				E6D07EA7140C29810005BF02 /* CoreGraphics.framework in Frameworks */,
			);
			runOnlyForDeploymentPostprocessing = 0;
		};
/* End PBXFrameworksBuildPhase section */

/* Begin PBXGroup section */
		E60844BA140C2F9500FBD59E /* Resources */ = {
			isa = PBXGroup;
			children = (
				E60844FE140C30EC00FBD59E /* letters */,
			);
			name = Resources;
			sourceTree = "<group>";
		};
		E60844FE140C30EC00FBD59E /* letters */ = {
			isa = PBXGroup;
			children = (
				E60844BC140C30E800FBD59E /* 1.JPG */,
				E60844BD140C30E800FBD59E /* 2.JPG */,
				E60844BE140C30E800FBD59E /* 3.JPG */,
				E60844BF140C30E800FBD59E /* 4.JPG */,
				E60844C0140C30E800FBD59E /* 5.JPG */,
				E60844C1140C30E800FBD59E /* 6.JPG */,
				E60844C2140C30E800FBD59E /* 7.JPG */,
				E60844C3140C30E800FBD59E /* 8.JPG */,
				E60844C4140C30E800FBD59E /* 9.JPG */,
				E60844C5140C30E800FBD59E /* 10.JPG */,
				E60844C6140C30E800FBD59E /* 11.JPG */,
				E60844C7140C30E800FBD59E /* 12.JPG */,
				E60844C8140C30E800FBD59E /* 13.JPG */,
				E60844C9140C30E800FBD59E /* 14.JPG */,
				E60844CA140C30E800FBD59E /* 15.JPG */,
				E60844CB140C30E800FBD59E /* 16.JPG */,
				E60844CC140C30E800FBD59E /* 17.JPG */,
				E60844CD140C30E800FBD59E /* 18.JPG */,
				E60844CE140C30E800FBD59E /* 19.JPG */,
				E60844CF140C30E800FBD59E /* 20.JPG */,
				E60844D0140C30E800FBD59E /* 21.JPG */,
				E60844D1140C30E800FBD59E /* 22.JPG */,
				E60844D2140C30E800FBD59E /* 23.JPG */,
				E60844D3140C30E800FBD59E /* 24.JPG */,
				E60844D4140C30E800FBD59E /* 25.JPG */,
				E60844D5140C30E800FBD59E /* 26.JPG */,
				E60844D6140C30E800FBD59E /* 27.JPG */,
				E60844D7140C30E800FBD59E /* 28.JPG */,
				E60844D8140C30E800FBD59E /* 29.JPG */,
				E60844D9140C30E800FBD59E /* 30.JPG */,
				E60844DA140C30E800FBD59E /* 31.JPG */,
				E60844DB140C30E800FBD59E /* 32.JPG */,
				E60844DC140C30E800FBD59E /* 33.JPG */,
			);
			name = letters;
			sourceTree = "<group>";
		};
		E60844FF140C33C700FBD59E /* PageCurl */ = {
			isa = PBXGroup;
			children = (
				E6084528140C33C700FBD59E /* Controllers */,
				E608452C140C33C700FBD59E /* Models */,
				E608452E140C33C700FBD59E /* Other */,
				E6084532140C33C700FBD59E /* PageCurl.xcodeproj */,
				E6084535140C33C700FBD59E /* README.markdown */,
				E6084536140C33C700FBD59E /* Resources */,
				E608454D140C33C700FBD59E /* VCAppDelegate.h */,
				E608454E140C33C700FBD59E /* VCAppDelegate.m */,
				E608454F140C33C700FBD59E /* Views */,
			);
			path = PageCurl;
			sourceTree = "<group>";
		};
		E6084528140C33C700FBD59E /* Controllers */ = {
			isa = PBXGroup;
			children = (
				E6084529140C33C700FBD59E /* VCBookViewController.h */,
				E608452A140C33C700FBD59E /* VCBookViewController.m */,
			);
			path = Controllers;
			sourceTree = "<group>";
		};
		E608452C140C33C700FBD59E /* Models */ = {
			isa = PBXGroup;
			children = (
				E608452D140C33C700FBD59E /* .gitignore */,
			);
			path = Models;
			sourceTree = "<group>";
		};
		E608452E140C33C700FBD59E /* Other */ = {
			isa = PBXGroup;
			children = (
				E608452F140C33C700FBD59E /* constants.h */,
				E6084530140C33C700FBD59E /* main.m */,
				E6084531140C33C700FBD59E /* pageCurl_Prefix.pch */,
			);
			path = Other;
			sourceTree = "<group>";
		};
		E6084533140C33C700FBD59E /* Products */ = {
			isa = PBXGroup;
			children = (
				E60845A0140C33C800FBD59E /* PageCurl.app */,
			);
			name = Products;
			sourceTree = "<group>";
		};
		E6084536140C33C700FBD59E /* Resources */ = {
			isa = PBXGroup;
			children = (
				E6084537140C33C700FBD59E /* 1.png */,
				E6084538140C33C700FBD59E /* 2.png */,
				E6084539140C33C700FBD59E /* 3.png */,
				E608453A140C33C700FBD59E /* 4.png */,
				E608453B140C33C700FBD59E /* 5.png */,
				E608453C140C33C700FBD59E /* Dropcaps */,
				E6084549140C33C700FBD59E /* flipshadow.png */,
				E608454A140C33C700FBD59E /* PageCurl-Info.plist */,
				E608454B140C33C700FBD59E /* r.png */,
				E608454C140C33C700FBD59E /* spine.png */,
			);
			path = Resources;
			sourceTree = "<group>";
		};
		E608453C140C33C700FBD59E /* Dropcaps */ = {
			isa = PBXGroup;
			children = (
				E608453D140C33C700FBD59E /* b.png */,
				E608453E140C33C700FBD59E /* c.png */,
				E608453F140C33C700FBD59E /* e.png */,
				E6084540140C33C700FBD59E /* f.png */,
				E6084541140C33C700FBD59E /* g.png */,
				E6084542140C33C700FBD59E /* j.png */,
				E6084543140C33C700FBD59E /* l.png */,
				E6084544140C33C700FBD59E /* q.png */,
				E6084545140C33C700FBD59E /* r.png */,
				E6084546140C33C700FBD59E /* x.png */,
				E6084547140C33C700FBD59E /* y.png */,
				E6084548140C33C700FBD59E /* z.png */,
			);
			path = Dropcaps;
			sourceTree = "<group>";
		};
		E608454F140C33C700FBD59E /* Views */ = {
			isa = PBXGroup;
			children = (
				E6084550140C33C700FBD59E /* Classes */,
				E608455C140C33C700FBD59E /* Nibs */,
			);
			path = Views;
			sourceTree = "<group>";
		};
		E6084550140C33C700FBD59E /* Classes */ = {
			isa = PBXGroup;
			children = (
				E6084551140C33C700FBD59E /* .gitignore */,
				E6084552140C33C700FBD59E /* VCClipLayer.h */,
				E6084553140C33C700FBD59E /* VCClipLayer.m */,
				E6084554140C33C700FBD59E /* VCFlipLayer.h */,
				E6084555140C33C700FBD59E /* VCFlipLayer.m */,
				E6084556140C33C700FBD59E /* VCFlipShadowLayer.h */,
				E6084557140C33C700FBD59E /* VCFlipShadowLayer.m */,
				E6084558140C33C700FBD59E /* VCPageLayer.h */,
				E6084559140C33C700FBD59E /* VCPageLayer.m */,
				E608455A140C33C700FBD59E /* VCPageView.h */,
				E608455B140C33C700FBD59E /* VCPageView.m */,
			);
			path = Classes;
			sourceTree = "<group>";
		};
		E608455C140C33C700FBD59E /* Nibs */ = {
			isa = PBXGroup;
			children = (
				E608455D140C33C700FBD59E /* BookView.xib */,
				E608455E140C33C700FBD59E /* MainWindow.xib */,
			);
			path = Nibs;
			sourceTree = "<group>";
		};
		E6D07E93140C29810005BF02 = {
			isa = PBXGroup;
			children = (
				E6D07EA8140C29810005BF02 /* Azbuka */,
				E60844BA140C2F9500FBD59E /* Resources */,
				E6D07EA1140C29810005BF02 /* Frameworks */,
				E6D07E9F140C29810005BF02 /* Products */,
			);
			sourceTree = "<group>";
		};
		E6D07E9F140C29810005BF02 /* Products */ = {
			isa = PBXGroup;
			children = (
				E6D07E9E140C29810005BF02 /* Azbuka.app */,
			);
			name = Products;
			sourceTree = "<group>";
		};
		E6D07EA1140C29810005BF02 /* Frameworks */ = {
			isa = PBXGroup;
			children = (
				E60844FF140C33C700FBD59E /* PageCurl */,
				E6D07EA2140C29810005BF02 /* UIKit.framework */,
				E6D07EA4140C29810005BF02 /* Foundation.framework */,
				E6D07EA6140C29810005BF02 /* CoreGraphics.framework */,
			);
			name = Frameworks;
			sourceTree = "<group>";
		};
		E6D07EA8140C29810005BF02 /* Azbuka */ = {
			isa = PBXGroup;
			children = (
				E6D07EB1140C29810005BF02 /* AzbukaAppDelegate.h */,
				E6D07EB2140C29810005BF02 /* AzbukaAppDelegate.m */,
				E6D07EB4140C29820005BF02 /* MainWindow.xib */,
				E6D07EB7140C29820005BF02 /* AzbukaViewController.h */,
				E6D07EB8140C29820005BF02 /* AzbukaViewController.m */,
				E6D07EBA140C29820005BF02 /* AzbukaViewController.xib */,
				E6D07EA9140C29810005BF02 /* Supporting Files */,
			);
			path = Azbuka;
			sourceTree = "<group>";
		};
		E6D07EA9140C29810005BF02 /* Supporting Files */ = {
			isa = PBXGroup;
			children = (
				E6D07EAA140C29810005BF02 /* Azbuka-Info.plist */,
				E6D07EAB140C29810005BF02 /* InfoPlist.strings */,
				E6D07EAE140C29810005BF02 /* Azbuka-Prefix.pch */,
				E6D07EAF140C29810005BF02 /* main.m */,
			);
			name = "Supporting Files";
			sourceTree = "<group>";
		};
/* End PBXGroup section */

/* Begin PBXNativeTarget section */
		E6D07E9D140C29810005BF02 /* Azbuka */ = {
			isa = PBXNativeTarget;
			buildConfigurationList = E6D07EBF140C29820005BF02 /* Build configuration list for PBXNativeTarget "Azbuka" */;
			buildPhases = (
				E6D07E9A140C29810005BF02 /* Sources */,
				E6D07E9B140C29810005BF02 /* Frameworks */,
				E6D07E9C140C29810005BF02 /* Resources */,
			);
			buildRules = (
			);
			dependencies = (
			);
			name = Azbuka;
			productName = Azbuka;
			productReference = E6D07E9E140C29810005BF02 /* Azbuka.app */;
			productType = "com.apple.product-type.application";
		};
/* End PBXNativeTarget section */

/* Begin PBXProject section */
		E6D07E95140C29810005BF02 /* Project object */ = {
			isa = PBXProject;
			buildConfigurationList = E6D07E98140C29810005BF02 /* Build configuration list for PBXProject "Azbuka" */;
			compatibilityVersion = "Xcode 3.2";
			developmentRegion = English;
			hasScannedForEncodings = 0;
			knownRegions = (
				en,
			);
			mainGroup = E6D07E93140C29810005BF02;
			productRefGroup = E6D07E9F140C29810005BF02 /* Products */;
			projectDirPath = "";
			projectReferences = (
				{
					ProductGroup = E6084533140C33C700FBD59E /* Products */;
					ProjectRef = E6084532140C33C700FBD59E /* PageCurl.xcodeproj */;
				},
			);
			projectRoot = "";
			targets = (
				E6D07E9D140C29810005BF02 /* Azbuka */,
			);
		};
/* End PBXProject section */

/* Begin PBXReferenceProxy section */
		E60845A0140C33C800FBD59E /* PageCurl.app */ = {
			isa = PBXReferenceProxy;
			fileType = wrapper.application;
			path = PageCurl.app;
			remoteRef = E608459F140C33C800FBD59E /* PBXContainerItemProxy */;
			sourceTree = BUILT_PRODUCTS_DIR;
		};
/* End PBXReferenceProxy section */

/* Begin PBXResourcesBuildPhase section */
		E6D07E9C140C29810005BF02 /* Resources */ = {
			isa = PBXResourcesBuildPhase;
			buildActionMask = 2147483647;
			files = (
				E6D07EAD140C29810005BF02 /* InfoPlist.strings in Resources */,
				E6D07EB6140C29820005BF02 /* MainWindow.xib in Resources */,
				E6D07EBC140C29820005BF02 /* AzbukaViewController.xib in Resources */,
				E60844DD140C30E800FBD59E /* 1.JPG in Resources */,
				E60844DE140C30E800FBD59E /* 2.JPG in Resources */,
				E60844DF140C30E800FBD59E /* 3.JPG in Resources */,
				E60844E0140C30E800FBD59E /* 4.JPG in Resources */,
				E60844E1140C30E800FBD59E /* 5.JPG in Resources */,
				E60844E2140C30E800FBD59E /* 6.JPG in Resources */,
				E60844E3140C30E800FBD59E /* 7.JPG in Resources */,
				E60844E4140C30E800FBD59E /* 8.JPG in Resources */,
				E60844E5140C30E800FBD59E /* 9.JPG in Resources */,
				E60844E6140C30E800FBD59E /* 10.JPG in Resources */,
				E60844E7140C30E800FBD59E /* 11.JPG in Resources */,
				E60844E8140C30E800FBD59E /* 12.JPG in Resources */,
				E60844E9140C30E800FBD59E /* 13.JPG in Resources */,
				E60844EA140C30E800FBD59E /* 14.JPG in Resources */,
				E60844EB140C30E800FBD59E /* 15.JPG in Resources */,
				E60844EC140C30E800FBD59E /* 16.JPG in Resources */,
				E60844ED140C30E800FBD59E /* 17.JPG in Resources */,
				E60844EE140C30E800FBD59E /* 18.JPG in Resources */,
				E60844EF140C30E800FBD59E /* 19.JPG in Resources */,
				E60844F0140C30E800FBD59E /* 20.JPG in Resources */,
				E60844F1140C30E800FBD59E /* 21.JPG in Resources */,
				E60844F2140C30E800FBD59E /* 22.JPG in Resources */,
				E60844F3140C30E800FBD59E /* 23.JPG in Resources */,
				E60844F4140C30E800FBD59E /* 24.JPG in Resources */,
				E60844F5140C30E800FBD59E /* 25.JPG in Resources */,
				E60844F6140C30E800FBD59E /* 26.JPG in Resources */,
				E60844F7140C30E800FBD59E /* 27.JPG in Resources */,
				E60844F8140C30E800FBD59E /* 28.JPG in Resources */,
				E60844F9140C30E800FBD59E /* 29.JPG in Resources */,
				E60844FA140C30E800FBD59E /* 30.JPG in Resources */,
				E60844FB140C30E800FBD59E /* 31.JPG in Resources */,
				E60844FC140C30E800FBD59E /* 32.JPG in Resources */,
				E60844FD140C30E800FBD59E /* 33.JPG in Resources */,
				E608457D140C33C800FBD59E /* .gitignore in Resources */,
				E608457F140C33C800FBD59E /* README.markdown in Resources */,
				E6084580140C33C800FBD59E /* 1.png in Resources */,
				E6084581140C33C800FBD59E /* 2.png in Resources */,
				E6084582140C33C800FBD59E /* 3.png in Resources */,
				E6084583140C33C800FBD59E /* 4.png in Resources */,
				E6084584140C33C800FBD59E /* 5.png in Resources */,
				E6084585140C33C800FBD59E /* b.png in Resources */,
				E6084586140C33C800FBD59E /* c.png in Resources */,
				E6084587140C33C800FBD59E /* e.png in Resources */,
				E6084588140C33C800FBD59E /* f.png in Resources */,
				E6084589140C33C800FBD59E /* g.png in Resources */,
				E608458A140C33C800FBD59E /* j.png in Resources */,
				E608458B140C33C800FBD59E /* l.png in Resources */,
				E608458C140C33C800FBD59E /* q.png in Resources */,
				E608458D140C33C800FBD59E /* r.png in Resources */,
				E608458E140C33C800FBD59E /* x.png in Resources */,
				E608458F140C33C800FBD59E /* y.png in Resources */,
				E6084590140C33C800FBD59E /* z.png in Resources */,
				E6084591140C33C800FBD59E /* flipshadow.png in Resources */,
				E6084592140C33C800FBD59E /* PageCurl-Info.plist in Resources */,
				E6084593140C33C800FBD59E /* r.png in Resources */,
				E6084594140C33C800FBD59E /* spine.png in Resources */,
				E6084596140C33C800FBD59E /* .gitignore in Resources */,
				E608459C140C33C800FBD59E /* BookView.xib in Resources */,
				E608459D140C33C800FBD59E /* MainWindow.xib in Resources */,
			);
			runOnlyForDeploymentPostprocessing = 0;
		};
/* End PBXResourcesBuildPhase section */

/* Begin PBXSourcesBuildPhase section */
		E6D07E9A140C29810005BF02 /* Sources */ = {
			isa = PBXSourcesBuildPhase;
			buildActionMask = 2147483647;
			files = (
				E6D07EB0140C29810005BF02 /* main.m in Sources */,
				E6D07EB3140C29810005BF02 /* AzbukaAppDelegate.m in Sources */,
				E6D07EB9140C29820005BF02 /* AzbukaViewController.m in Sources */,
				E608457B140C33C800FBD59E /* VCBookViewController.m in Sources */,
				E608457E140C33C800FBD59E /* main.m in Sources */,
				E6084595140C33C800FBD59E /* VCAppDelegate.m in Sources */,
				E6084597140C33C800FBD59E /* VCClipLayer.m in Sources */,
				E6084598140C33C800FBD59E /* VCFlipLayer.m in Sources */,
				E6084599140C33C800FBD59E /* VCFlipShadowLayer.m in Sources */,
				E608459A140C33C800FBD59E /* VCPageLayer.m in Sources */,
				E608459B140C33C800FBD59E /* VCPageView.m in Sources */,
			);
			runOnlyForDeploymentPostprocessing = 0;
		};
/* End PBXSourcesBuildPhase section */

/* Begin PBXVariantGroup section */
		E6D07EAB140C29810005BF02 /* InfoPlist.strings */ = {
			isa = PBXVariantGroup;
			children = (
				E6D07EAC140C29810005BF02 /* en */,
			);
			name = InfoPlist.strings;
			sourceTree = "<group>";
		};
		E6D07EB4140C29820005BF02 /* MainWindow.xib */ = {
			isa = PBXVariantGroup;
			children = (
				E6D07EB5140C29820005BF02 /* en */,
			);
			name = MainWindow.xib;
			sourceTree = "<group>";
		};
		E6D07EBA140C29820005BF02 /* AzbukaViewController.xib */ = {
			isa = PBXVariantGroup;
			children = (
				E6D07EBB140C29820005BF02 /* en */,
			);
			name = AzbukaViewController.xib;
			sourceTree = "<group>";
		};
/* End PBXVariantGroup section */

/* Begin XCBuildConfiguration section */
		E6D07EBD140C29820005BF02 /* Debug */ = {
			isa = XCBuildConfiguration;
			buildSettings = {
				ARCHS = "$(ARCHS_UNIVERSAL_IPHONE_OS)";
				"CODE_SIGN_IDENTITY[sdk=iphoneos*]" = "iPhone Developer";
				GCC_C_LANGUAGE_STANDARD = gnu99;
				GCC_OPTIMIZATION_LEVEL = 0;
				GCC_PREPROCESSOR_DEFINITIONS = DEBUG;
				GCC_SYMBOLS_PRIVATE_EXTERN = NO;
				GCC_VERSION = com.apple.compilers.llvmgcc42;
				GCC_WARN_ABOUT_RETURN_TYPE = YES;
				GCC_WARN_UNUSED_VARIABLE = YES;
				IPHONEOS_DEPLOYMENT_TARGET = 4.3;
				SDKROOT = iphoneos;
				TARGETED_DEVICE_FAMILY = 2;
			};
			name = Debug;
		};
		E6D07EBE140C29820005BF02 /* Release */ = {
			isa = XCBuildConfiguration;
			buildSettings = {
				ARCHS = "$(ARCHS_UNIVERSAL_IPHONE_OS)";
				"CODE_SIGN_IDENTITY[sdk=iphoneos*]" = "iPhone Developer";
				GCC_C_LANGUAGE_STANDARD = gnu99;
				GCC_VERSION = com.apple.compilers.llvmgcc42;
				GCC_WARN_ABOUT_RETURN_TYPE = YES;
				GCC_WARN_UNUSED_VARIABLE = YES;
				IPHONEOS_DEPLOYMENT_TARGET = 4.3;
				OTHER_CFLAGS = "-DNS_BLOCK_ASSERTIONS=1";
				SDKROOT = iphoneos;
				TARGETED_DEVICE_FAMILY = 2;
			};
			name = Release;
		};
		E6D07EC0140C29820005BF02 /* Debug */ = {
			isa = XCBuildConfiguration;
			buildSettings = {
				ALWAYS_SEARCH_USER_PATHS = NO;
				COPY_PHASE_STRIP = NO;
				GCC_DYNAMIC_NO_PIC = NO;
				GCC_PRECOMPILE_PREFIX_HEADER = YES;
				GCC_PREFIX_HEADER = "Azbuka/Azbuka-Prefix.pch";
				INFOPLIST_FILE = "Azbuka/Azbuka-Info.plist";
				PRODUCT_NAME = "$(TARGET_NAME)";
				WRAPPER_EXTENSION = app;
			};
			name = Debug;
		};
		E6D07EC1140C29820005BF02 /* Release */ = {
			isa = XCBuildConfiguration;
			buildSettings = {
				ALWAYS_SEARCH_USER_PATHS = NO;
				COPY_PHASE_STRIP = YES;
				GCC_PRECOMPILE_PREFIX_HEADER = YES;
				GCC_PREFIX_HEADER = "Azbuka/Azbuka-Prefix.pch";
				INFOPLIST_FILE = "Azbuka/Azbuka-Info.plist";
				PRODUCT_NAME = "$(TARGET_NAME)";
				VALIDATE_PRODUCT = YES;
				WRAPPER_EXTENSION = app;
			};
			name = Release;
		};
/* End XCBuildConfiguration section */

/* Begin XCConfigurationList section */
		E6D07E98140C29810005BF02 /* Build configuration list for PBXProject "Azbuka" */ = {
			isa = XCConfigurationList;
			buildConfigurations = (
				E6D07EBD140C29820005BF02 /* Debug */,
				E6D07EBE140C29820005BF02 /* Release */,
			);
			defaultConfigurationIsVisible = 0;
			defaultConfigurationName = Release;
		};
		E6D07EBF140C29820005BF02 /* Build configuration list for PBXNativeTarget "Azbuka" */ = {
			isa = XCConfigurationList;
			buildConfigurations = (
				E6D07EC0140C29820005BF02 /* Debug */,
				E6D07EC1140C29820005BF02 /* Release */,
			);
			defaultConfigurationIsVisible = 0;
			defaultConfigurationName = Release;
		};
/* End XCConfigurationList section */
	};
	rootObject = E6D07E95140C29810005BF02 /* Project object */;
}
